# This file is autogenerated, do not edit; changes may be undone by the next 'dep ensure'.


[[projects]]
  digest = "1:a151d8abdc2ab0a97060ac2e7c71472dff76255d76d5e65d29dcf21cf0ae0664"
  name = "github.com/360EntSecGroup-Skylar/excelize"
  packages = ["."]
  pruneopts = "UT"
  revision = "3e004d900b103379c2d62657a3070de4a2e8585a"
  version = "v1.4.0"

[[projects]]
  digest = "1:870d441fe217b8e689d7949fef6e43efbc787e50f200cb1e70dbca9204a1d6be"
  name = "github.com/inconshreveable/mousetrap"
  packages = ["."]
  pruneopts = "UT"
  revision = "76626ae9c91c4f2a10f34cad8ce83ea42c93bb75"
  version = "v1.0"

[[projects]]
  branch = "master"
  digest = "1:84bd7f8a2e0bcd53ddc33c3b47c34c1fe340c8632cbe928f7f8ae10ec6ecdd62"
  name = "github.com/mohae/deepcopy"
  packages = ["."]
  pruneopts = "UT"
  revision = "c48cc78d482608239f6c4c92a4abd87eb8761c90"

[[projects]]
  digest = "1:645cabccbb4fa8aab25a956cbcbdf6a6845ca736b2c64e197ca7cbb9d210b939"
  name = "github.com/spf13/cobra"
  packages = ["."]
  pruneopts = "UT"
  revision = "ef82de70bb3f60c65fb8eebacbb2d122ef517385"
  version = "v0.0.3"

[[projects]]
  digest = "1:c1b1102241e7f645bc8e0c22ae352e8f0dc6484b6cb4d132fa9f24174e0119e2"
  name = "github.com/spf13/pflag"
  packages = ["."]
  pruneopts = "UT"
  revision = "298182f68c66c05229eb03ac171abe6e309ee79a"
  version = "v1.0.3"

[solve-meta]
  analyzer-name = "dep"
  analyzer-version = 1
  input-imports = [
    "github.com/360EntSecGroup-Skylar/excelize",
    "github.com/spf13/cobra",
  ]
  solver-name = "gps-cdcl"
  solver-version = 1
